# This file is automatically @generated by Cargo.
# It is not intended for manual editing.
version = 4

[[package]]
name = "allocator-api2"
version = "0.2.21"
source = "registry+https://github.com/rust-lang/crates.io-index"
checksum = "683d7910e743518b0e34f1186f92494becacb047c7b6bf616c96772180fef923"

[[package]]
name = "atomic-polyfill"
version = "1.0.3"
source = "registry+https://github.com/rust-lang/crates.io-index"
checksum = "8cf2bce30dfe09ef0bfaef228b9d414faaf7e563035494d7fe092dba54b300f4"
dependencies = [
 "critical-section",
]

[[package]]
name = "autocfg"
version = "1.5.1"
source = "registry+https://github.com/rust-lang/crates.io-index"
checksum = "f2032f911046de80f0a198e0901378627c33f59ea0ac00e363d481118bd70a53"

[[package]]
name = "bincode"
version = "1.3.3"
source = "registry+https://github.com/rust-lang/crates.io-index"
checksum = "b1f45e9417d87227c7a56d22e471c6206462cba514c7590c09aff4cf6d1ddcad"
dependencies = [
 "serde",
]

[[package]]
name = "byteorder"
version = "1.5.0"
source = "registry+https://github.com/rust-lang/crates.io-index"
checksum = "1fd0f2584146f6f2ef48085050886acf353beff7305ebd1ae69500e27c67f64b"

[[package]]
name = "cfg-if"
version = "1.0.4"
source = "registry+https://github.com/rust-lang/crates.io-index"
checksum = "9330f8b2ff13f34540b44e946ef35111825727b38d33286ef986142615121801"

[[package]]
name = "chacha20"
version = "0.10.1"
source = "registry+https://github.com/rust-lang/crates.io-index"
checksum = "d524456ba66e72eb8b115ff89e01e497f8e6d11d78b70b1aa13c0fbd97540a81"
dependencies = [
 "cfg-if",
 "cpufeatures",
 "rand_core",
]

[[package]]
name = "cobs"
version = "0.3.0"
source = "registry+https://github.com/rust-lang/crates.io-index"
checksum = "0fa961b519f0b462e3a3b4a34b64d119eeaca1d59af726fe450bbba07a9fc0a1"
dependencies = [
 "thiserror",
]

[[package]]
name = "cpufeatures"
version = "0.3.0"
source = "registry+https://github.com/rust-lang/crates.io-index"
checksum = "8b2a41393f66f16b0823bb79094d54ac5fbd34ab292ddafb9a0456ac9f87d201"
dependencies = [
 "libc",
]

[[package]]
name = "critical-section"
version = "1.2.0"
source = "registry+https://github.com/rust-lang/crates.io-index"
checksum = "790eea4361631c5e7d22598ecd5723ff611904e3344ce8720784c93e3d83d40b"

[[package]]
name = "crossbeam-deque"
version = "0.8.7"
source = "registry+https://github.com/rust-lang/crates.io-index"
checksum = "5181e0de7b61eb03a81e347d6dd8797bae9da5146707b51077e2d71a54ec0ceb"
dependencies = [
 "crossbeam-epoch",
 "crossbeam-utils",
]

[[package]]
name = "crossbeam-epoch"
version = "0.9.20"
source = "registry+https://github.com/rust-lang/crates.io-index"
checksum = "2d6914041f254d6e9176c01941b21115dcfb7089e55135a35411081bd106ef3f"
dependencies = [
 "crossbeam-utils",
]

[[package]]
name = "crossbeam-utils"
version = "0.8.22"
source = "registry+https://github.com/rust-lang/crates.io-index"
checksum = "61803da095bee82a81bb1a452ecc25d3b2f1416d1897eb86430c6159ef717c17"

[[package]]
name = "crunchy"
version = "0.2.4"
source = "registry+https://github.com/rust-lang/crates.io-index"
checksum = "460fbee9c2c2f33933d720630a6a0bac33ba7053db5344fac858d4b8952d77d5"

[[package]]
name = "either"
version = "1.16.0"
source = "registry+https://github.com/rust-lang/crates.io-index"
checksum = "91622ff5e7162018101f2fea40d6ebf4a78bbe5a49736a2020649edf9693679e"

[[package]]
name = "embedded-io"
version = "0.4.0"
source = "registry+https://github.com/rust-lang/crates.io-index"
checksum = "ef1a6892d9eef45c8fa6b9e0086428a2cca8491aca8f787c534a3d6d0bcb3ced"

[[package]]
name = "embedded-io"
version = "0.6.1"
source = "registry+https://github.com/rust-lang/crates.io-index"
checksum = "edd0f118536f44f5ccd48bcb8b111bdc3de888b58c74639dfb034a357d0f206d"

[[package]]
name = "equivalent"
version = "1.0.2"
source = "registry+https://github.com/rust-lang/crates.io-index"
checksum = "877a4ace8713b0bcf2a4e7eec82529c029f1d0619886d18145fea96c3ffe5c0f"

[[package]]
name = "foldhash"
version = "0.2.0"
source = "registry+https://github.com/rust-lang/crates.io-index"
checksum = "77ce24cb58228fbb8aa041425bb1050850ac19177686ea6e0f41a70416f56fdb"

[[package]]
name = "getrandom"
version = "0.4.3"
source = "registry+https://github.com/rust-lang/crates.io-index"
checksum = "300e883d756b2e4ec94e02791f39b04b522276138852cfc41d9fb7e904106099"
dependencies = [
 "cfg-if",
 "libc",
 "r-efi",
 "rand_core",
]

[[package]]
name = "hash32"
version = "0.2.1"
source = "registry+https://github.com/rust-lang/crates.io-index"
checksum = "b0c35f58762feb77d74ebe43bdbc3210f09be9fe6742234d573bacc26ed92b67"
dependencies = [
 "byteorder",
]

[[package]]
name = "hashbrown"
version = "0.17.1"
source = "registry+https://github.com/rust-lang/crates.io-index"
checksum = "ed5909b6e89a2db4456e54cd5f673791d7eca6732202bbf2a9cc504fe2f9b84a"
dependencies = [
 "allocator-api2",
 "equivalent",
 "foldhash",
]

[[package]]
name = "heapless"
version = "0.7.17"
source = "registry+https://github.com/rust-lang/crates.io-index"
checksum = "cdc6457c0eb62c71aac4bc17216026d8410337c4126773b9c5daba343f17964f"
dependencies = [
 "atomic-polyfill",
 "hash32",
 "rustc_version",
 "serde",
 "spin 0.9.9",
 "stable_deref_trait",
]

[[package]]
name = "itertools"
version = "0.15.0"
source = "registry+https://github.com/rust-lang/crates.io-index"
checksum = "8b4baf93f58d4425749ca49a51c50ebab072c5df6994d08fed93541c331481dc"
dependencies = [
 "either",
]

[[package]]
name = "libc"
version = "0.2.186"
source = "registry+https://github.com/rust-lang/crates.io-index"
checksum = "68ab91017fe16c622486840e4c83c9a37afeff978bd239b5293d61ece587de66"

[[package]]
name = "libm"
version = "0.2.16"
source = "registry+https://github.com/rust-lang/crates.io-index"
checksum = "b6d2cec3eae94f9f509c767b45932f1ada8350c4bdb85af2fcab4a3c14807981"

[[package]]
name = "lock_api"
version = "0.4.14"
source = "registry+https://github.com/rust-lang/crates.io-index"
checksum = "224399e74b87b5f3557511d98dff8b14089b3dadafcab6bb93eab67d3aace965"
dependencies = [
 "scopeguard",
]

[[package]]
name = "num-bigint"
version = "0.4.8"
source = "registry+https://github.com/rust-lang/crates.io-index"
checksum = "c89e69e7e0f03bea5ef08013795c25018e101932225a656383bd384495ecc367"
dependencies = [
 "num-integer",
 "num-traits",
]

[[package]]
name = "num-integer"
version = "0.1.46"
source = "registry+https://github.com/rust-lang/crates.io-index"
checksum = "7969661fd2958a5cb096e56c8e1ad0444ac2bbcd0061bd28660485a44879858f"
dependencies = [
 "num-traits",
]

[[package]]
name = "num-traits"
version = "0.2.19"
source = "registry+https://github.com/rust-lang/crates.io-index"
checksum = "071dfc062690e90b734c0b2273ce72ad0ffa95f0c74596bc250dcfd960262841"
dependencies = [
 "autocfg",
]

[[package]]
name = "p3-air"
version = "0.6.2"
source = "registry+https://github.com/rust-lang/crates.io-index"
checksum = "6bf35abc9744a71822d6c9a95243f549986941238a52ca412631f0d2e620c1d9"
dependencies = [
 "p3-field",
 "p3-matrix",
 "tracing",
]

[[package]]
name = "p3-blake3-air"
version = "0.6.2"
source = "registry+https://github.com/rust-lang/crates.io-index"
checksum = "4750036c4c4849652636d515bbbd41c3df69705f3bcc7a3d019f82d28548102d"
dependencies = [
 "itertools",
 "p3-air",
 "p3-field",
 "p3-matrix",
 "p3-maybe-rayon",
 "rand",
 "tracing",
]

[[package]]
name = "p3-challenger"
version = "0.6.2"
source = "registry+https://github.com/rust-lang/crates.io-index"
checksum = "9be15c94c45b1c8cb343ba65675855c013e8dd88dd5cf55b8598e5d40e8f84de"
dependencies = [
 "p3-field",
 "p3-maybe-rayon",
 "p3-monty-31",
 "p3-symmetric",
 "p3-util",
 "tracing",
]

[[package]]
name = "p3-commit"
version = "0.6.2"
source = "registry+https://github.com/rust-lang/crates.io-index"
checksum = "34c2d676b76903137ef2e53c731c4cc60432b437112d26e0bb07cb54f717d0e6"
dependencies = [
 "itertools",
 "p3-challenger",
 "p3-dft",
 "p3-field",
 "p3-matrix",
 "p3-multilinear-util",
 "p3-util",
 "serde",
]

[[package]]
name = "p3-dft"
version = "0.6.2"
source = "registry+https://github.com/rust-lang/crates.io-index"
checksum = "c4a8476394bf799ab9d70e861a9659700bb0bf14d7bc9303311a52cf1c378986"
dependencies = [
 "itertools",
 "p3-field",
 "p3-matrix",
 "p3-maybe-rayon",
 "p3-util",
 "spin 0.12.2",
 "tracing",
]

[[package]]
name = "p3-field"
version = "0.6.2"
source = "registry+https://github.com/rust-lang/crates.io-index"
checksum = "e879e5f44a485a949c06274c4b17e33c6e85287afb8e6ef162011a60b39f7c99"
dependencies = [
 "itertools",
 "num-bigint",
 "p3-maybe-rayon",
 "p3-util",
 "paste",
 "rand",
 "serde",
 "tracing",
]

[[package]]
name = "p3-fri"
version = "0.6.2"
source = "registry+https://github.com/rust-lang/crates.io-index"
checksum = "83d07473cd0a83d68aa2eb15b771bf9f1a7204a65e88862685dd7a0178dd593b"
dependencies = [
 "itertools",
 "p3-challenger",
 "p3-commit",
 "p3-dft",
 "p3-field",
 "p3-matrix",
 "p3-maybe-rayon",
 "p3-util",
 "rand",
 "serde",
 "spin 0.12.2",
 "thiserror",
 "tracing",
]

[[package]]
name = "p3-keccak"
version = "0.6.2"
source = "registry+https://github.com/rust-lang/crates.io-index"
checksum = "4376e63b8a4c0ec8e8c8000659d9a09cddca95cfb3b948719585d9e2a3ade224"
dependencies = [
 "p3-symmetric",
 "p3-util",
 "tiny-keccak",
]

[[package]]
name = "p3-keccak-air"
version = "0.6.2"
source = "registry+https://github.com/rust-lang/crates.io-index"
checksum = "13a908be56d3fb1416c83f63b8c48e360177bd6314c98289d3ed69a76d82438b"
dependencies = [
 "p3-air",
 "p3-field",
 "p3-matrix",
 "p3-maybe-rayon",
 "p3-util",
 "rand",
 "tracing",
]

[[package]]
name = "p3-koala-bear"
version = "0.6.2"
source = "registry+https://github.com/rust-lang/crates.io-index"
checksum = "0f92c427c51302d129ba4eb1682cd5408b690c319b70d0dd5dd12590477ee2ea"
dependencies = [
 "p3-challenger",
 "p3-field",
 "p3-mds",
 "p3-monty-31",
 "p3-poseidon1",
 "p3-poseidon2",
 "p3-symmetric",
 "rand",
]

[[package]]
name = "p3-matrix"
version = "0.6.2"
source = "registry+https://github.com/rust-lang/crates.io-index"
checksum = "61b721bbbae4ca8c0133cf330d5a73deef8663e0706550719874a0ec0ddb5540"
dependencies = [
 "itertools",
 "p3-field",
 "p3-maybe-rayon",
 "p3-util",
 "rand",
 "serde",
 "tracing",
]

[[package]]
name = "p3-maybe-rayon"
version = "0.6.2"
source = "registry+https://github.com/rust-lang/crates.io-index"
checksum = "f648dac3a8af4706cfd110fc5a8d3a10237a747e4e62322d281df826978d0d3c"
dependencies = [
 "rayon",
]

[[package]]
name = "p3-mds"
version = "0.6.2"
source = "registry+https://github.com/rust-lang/crates.io-index"
checksum = "5135a277e008c77700ca790abe797bdaa66c36f7c2717d839c6ab1b320ebd2b6"
dependencies = [
 "p3-dft",
 "p3-field",
 "p3-symmetric",
 "p3-util",
 "rand",
]

[[package]]
name = "p3-merkle-tree"
version = "0.6.2"
source = "registry+https://github.com/rust-lang/crates.io-index"
checksum = "a932477a2203b9bbef97bc0dae46057d072f5799d5d836aef0ee95bf5ab6e1db"
dependencies = [
 "itertools",
 "p3-commit",
 "p3-field",
 "p3-matrix",
 "p3-maybe-rayon",
 "p3-symmetric",
 "p3-util",
 "rand",
 "serde",
 "spin 0.12.2",
 "thiserror",
 "tracing",
]

[[package]]
name = "p3-monty-31"
version = "0.6.2"
source = "registry+https://github.com/rust-lang/crates.io-index"
checksum = "d9c9e3c84a80a7ed5eb566486c7fedd0a8f55299187371aed9189089d8e89d55"
dependencies = [
 "itertools",
 "num-bigint",
 "p3-dft",
 "p3-field",
 "p3-matrix",
 "p3-maybe-rayon",
 "p3-mds",
 "p3-poseidon1",
 "p3-poseidon2",
 "p3-symmetric",
 "p3-util",
 "paste",
 "rand",
 "serde",
 "spin 0.12.2",
 "tracing",
]

[[package]]
name = "p3-multilinear-util"
version = "0.6.2"
source = "registry+https://github.com/rust-lang/crates.io-index"
checksum = "68e5b61a30c8ef37572de14d3e8b49cd4a652449515891619528f4d30f0027c7"
dependencies = [
 "itertools",
 "p3-field",
 "p3-matrix",
 "p3-maybe-rayon",
 "p3-util",
 "rand",
 "serde",
 "tracing",
]

[[package]]
name = "p3-poseidon1"
version = "0.6.2"
source = "registry+https://github.com/rust-lang/crates.io-index"
checksum = "bff7da7181e42690f30009bfea6f0d4677d54e4a35f867ab14b7c970d9e93db7"
dependencies = [
 "p3-field",
 "p3-mds",
 "p3-symmetric",
 "rand",
]

[[package]]
name = "p3-poseidon2"
version = "0.6.2"
source = "registry+https://github.com/rust-lang/crates.io-index"
checksum = "03f0f8a8631454315502f58c6e299ba38e3ec5f71a4cd65abdcafdb3e2b58605"
dependencies = [
 "p3-field",
 "p3-mds",
 "p3-symmetric",
 "p3-util",
 "rand",
]

[[package]]
name = "p3-poseidon2-air"
version = "0.6.2"
source = "registry+https://github.com/rust-lang/crates.io-index"
checksum = "aaa81e03daed44d67a8eac7185662860128941c5cf6ccc3caa587812b8839a4d"
dependencies = [
 "p3-air",
 "p3-field",
 "p3-matrix",
 "p3-maybe-rayon",
 "p3-poseidon2",
 "rand",
 "tracing",
]

[[package]]
name = "p3-sumcheck"
version = "0.6.2"
source = "registry+https://github.com/rust-lang/crates.io-index"
checksum = "4e27407402b8fd02be53b6c6dad8b14f3f285ea412c848e2ae5138634dd6ecd0"
dependencies = [
 "itertools",
 "p3-challenger",
 "p3-commit",
 "p3-dft",
 "p3-field",
 "p3-matrix",
 "p3-maybe-rayon",
 "p3-multilinear-util",
 "p3-util",
 "p3-zk-codes",
 "rand",
 "serde",
 "thiserror",
 "tracing",
]

[[package]]
name = "p3-symmetric"
version = "0.6.2"
source = "registry+https://github.com/rust-lang/crates.io-index"
checksum = "ab7e700435824b43b0bf59191f862da259eb5b30f6bac13715c4c53aaaf51fd0"
dependencies = [
 "itertools",
 "p3-field",
 "p3-util",
 "serde",
]

[[package]]
name = "p3-uni-stark"
version = "0.6.2"
source = "registry+https://github.com/rust-lang/crates.io-index"
checksum = "4d24388051e6351e136205e8634bc842a6776c775fd61519ece452610e60bae2"
dependencies = [
 "itertools",
 "libm",
 "p3-air",
 "p3-challenger",
 "p3-commit",
 "p3-field",
 "p3-fri",
 "p3-matrix",
 "p3-maybe-rayon",
 "p3-util",
 "serde",
 "thiserror",
 "tracing",
]

[[package]]
name = "p3-util"
version = "0.6.2"
source = "registry+https://github.com/rust-lang/crates.io-index"
checksum = "284186adf438d2fa2615ca06af661db80bce861a33653f8e510f70edf0d03d6b"
dependencies = [
 "serde",
]

[[package]]
name = "p3-whir"
version = "0.6.2"
source = "registry+https://github.com/rust-lang/crates.io-index"
checksum = "4109bf364338636608ebf8498f1f16377cd72779bd5943e69dc0fa58d6c57109"
dependencies = [
 "hashbrown",
 "itertools",
 "libm",
 "p3-challenger",
 "p3-commit",
 "p3-dft",
 "p3-field",
 "p3-matrix",
 "p3-maybe-rayon",
 "p3-merkle-tree",
 "p3-multilinear-util",
 "p3-sumcheck",
 "p3-symmetric",
 "p3-util",
 "p3-zk-codes",
 "rand",
 "serde",
 "spin 0.12.2",
 "thiserror",
 "tracing",
]

[[package]]
name = "p3-zk-codes"
version = "0.6.2"
source = "registry+https://github.com/rust-lang/crates.io-index"
checksum = "55f5161af709c8b5c018edfad1ce39abbce631c99ed51d9058c32281d9d3f0e4"
dependencies = [
 "itertools",
 "p3-dft",
 "p3-field",
 "p3-matrix",
 "p3-util",
 "rand",
]

[[package]]
name = "paste"
version = "1.0.15"
source = "registry+https://github.com/rust-lang/crates.io-index"
checksum = "57c0d7b74b563b49d38dae00a0c37d4d6de9b432382b2892f0574ddcae73fd0a"

[[package]]
name = "pin-project-lite"
version = "0.2.17"
source = "registry+https://github.com/rust-lang/crates.io-index"
checksum = "a89322df9ebe1c1578d689c92318e070967d1042b512afbe49518723f4e6d5cd"

[[package]]
name = "postcard"
version = "1.1.3"
source = "registry+https://github.com/rust-lang/crates.io-index"
checksum = "6764c3b5dd454e283a30e6dfe78e9b31096d9e32036b5d1eaac7a6119ccb9a24"
dependencies = [
 "cobs",
 "embedded-io 0.4.0",
 "embedded-io 0.6.1",
 "heapless",
 "serde",
]

[[package]]
name = "proc-macro2"
version = "1.0.106"
source = "registry+https://github.com/rust-lang/crates.io-index"
checksum = "8fd00f0bb2e90d81d1044c2b32617f68fcb9fa3bb7640c23e9c748e53fb30934"
dependencies = [
 "unicode-ident",
]

[[package]]
name = "qlab-air"
version = "0.0.0"
dependencies = [
 "p3-air",
 "p3-field",
 "p3-keccak",
 "p3-koala-bear",
 "p3-matrix",
 "p3-symmetric",
]

[[package]]
name = "qlab-bench"
version = "0.0.0"
dependencies = [
 "bincode",
 "p3-air",
 "p3-blake3-air",
 "p3-challenger",
 "p3-commit",
 "p3-dft",
 "p3-field",
 "p3-fri",
 "p3-keccak",
 "p3-keccak-air",
 "p3-koala-bear",
 "p3-matrix",
 "p3-maybe-rayon",
 "p3-merkle-tree",
 "p3-poseidon2-air",
 "p3-symmetric",
 "p3-uni-stark",
 "p3-util",
 "p3-whir",
 "postcard",
 "qlab-air",
 "rand",
 "serde",
]

[[package]]
name = "quote"
version = "1.0.46"
source = "registry+https://github.com/rust-lang/crates.io-index"
checksum = "dfbc457d0c7a0759a614551b11a6409e5951f6c7537be1f1b7682b9ae9230368"
dependencies = [
 "proc-macro2",
]

[[package]]
name = "r-efi"
version = "6.0.0"
source = "registry+https://github.com/rust-lang/crates.io-index"
checksum = "f8dcc9c7d52a811697d2151c701e0d08956f92b0e24136cf4cf27b57a6a0d9bf"

[[package]]
name = "rand"
version = "0.10.2"
source = "registry+https://github.com/rust-lang/crates.io-index"
checksum = "c7f5fa3a058cd35567ef9bfa5e75732bee0f9e4c55fa90477bef2dfcdbc4be80"
dependencies = [
 "chacha20",
 "getrandom",
 "rand_core",
]

[[package]]
name = "rand_core"
version = "0.10.1"
source = "registry+https://github.com/rust-lang/crates.io-index"
checksum = "63b8176103e19a2643978565ca18b50549f6101881c443590420e4dc998a3c69"

[[package]]
name = "rayon"
version = "1.12.0"
source = "registry+https://github.com/rust-lang/crates.io-index"
checksum = "fb39b166781f92d482534ef4b4b1b2568f42613b53e5b6c160e24cfbfa30926d"
dependencies = [
 "either",
 "rayon-core",
]

[[package]]
name = "rayon-core"
version = "1.13.0"
source = "registry+https://github.com/rust-lang/crates.io-index"
checksum = "22e18b0f0062d30d4230b2e85ff77fdfe4326feb054b9783a3460d8435c8ab91"
dependencies = [
 "crossbeam-deque",
 "crossbeam-utils",
]

[[package]]
name = "rustc_version"
version = "0.4.1"
source = "registry+https://github.com/rust-lang/crates.io-index"
checksum = "cfcb3a22ef46e85b45de6ee7e79d063319ebb6594faafcf1c225ea92ab6e9b92"
dependencies = [
 "semver",
]

[[package]]
name = "scopeguard"
version = "1.2.0"
source = "registry+https://github.com/rust-lang/crates.io-index"
checksum = "94143f37725109f92c262ed2cf5e59bce7498c01bcc1502d7b9afe439a4e9f49"

[[package]]
name = "semver"
version = "1.0.28"
source = "registry+https://github.com/rust-lang/crates.io-index"
checksum = "8a7852d02fc848982e0c167ef163aaff9cd91dc640ba85e263cb1ce46fae51cd"

[[package]]
name = "serde"
version = "1.0.228"
source = "registry+https://github.com/rust-lang/crates.io-index"
checksum = "9a8e94ea7f378bd32cbbd37198a4a91436180c5bb472411e48b5ec2e2124ae9e"
dependencies = [
 "serde_core",
 "serde_derive",
]

[[package]]
name = "serde_core"
version = "1.0.228"
source = "registry+https://github.com/rust-lang/crates.io-index"
checksum = "41d385c7d4ca58e59fc732af25c3983b67ac852c1a25000afe1175de458b67ad"
dependencies = [
 "serde_derive",
]

[[package]]
name = "serde_derive"
version = "1.0.228"
source = "registry+https://github.com/rust-lang/crates.io-index"
checksum = "d540f220d3187173da220f885ab66608367b6574e925011a9353e4badda91d79"
dependencies = [
 "proc-macro2",
 "quote",
 "syn",
]

[[package]]
name = "spin"
version = "0.9.9"
source = "registry+https://github.com/rust-lang/crates.io-index"
checksum = "3763264f6b73151db08c50ff20d7d8a0b8796e021cdea7ceedad07b80155fa0e"
dependencies = [
 "lock_api",
]

[[package]]
name = "spin"
version = "0.12.2"
source = "registry+https://github.com/rust-lang/crates.io-index"
checksum = "8abadc99fd9c7bbb7d0ca2b31d72a067d0c0dcd7aad25ab8cac71ba91417694b"
dependencies = [
 "lock_api",
]

[[package]]
name = "stable_deref_trait"
version = "1.2.1"
source = "registry+https://github.com/rust-lang/crates.io-index"
checksum = "6ce2be8dc25455e1f91df71bfa12ad37d7af1092ae736f3a6cd0e37bc7810596"

[[package]]
name = "syn"
version = "2.0.119"
source = "registry+https://github.com/rust-lang/crates.io-index"
checksum = "872831b642d1a07999a962a351ed35b955ea2cfc8f3862091e2a240a84f17297"
dependencies = [
 "proc-macro2",
 "quote",
 "unicode-ident",
]

[[package]]
name = "thiserror"
version = "2.0.18"
source = "registry+https://github.com/rust-lang/crates.io-index"
checksum = "4288b5bcbc7920c07a1149a35cf9590a2aa808e0bc1eafaade0b80947865fbc4"
dependencies = [
 "thiserror-impl",
]

[[package]]
name = "thiserror-impl"
version = "2.0.18"
source = "registry+https://github.com/rust-lang/crates.io-index"
checksum = "ebc4ee7f67670e9b64d05fa4253e753e016c6c95ff35b89b7941d6b856dec1d5"
dependencies = [
 "proc-macro2",
 "quote",
 "syn",
]

[[package]]
name = "tiny-keccak"
version = "2.0.2"
source = "registry+https://github.com/rust-lang/crates.io-index"
checksum = "2c9d3793400a45f954c52e73d068316d76b6f4e36977e3fcebb13a2721e80237"
dependencies = [
 "crunchy",
]

[[package]]
name = "tracing"
version = "0.1.44"
source = "registry+https://github.com/rust-lang/crates.io-index"
checksum = "63e71662fa4b2a2c3a26f570f037eb95bb1f85397f3cd8076caed2f026a6d100"
dependencies = [
 "pin-project-lite",
 "tracing-attributes",
 "tracing-core",
]

[[package]]
name = "tracing-attributes"
version = "0.1.31"
source = "registry+https://github.com/rust-lang/crates.io-index"
checksum = "7490cfa5ec963746568740651ac6781f701c9c5ea257c58e057f3ba8cf69e8da"
dependencies = [
 "proc-macro2",
 "quote",
 "syn",
]

[[package]]
name = "tracing-core"
version = "0.1.36"
source = "registry+https://github.com/rust-lang/crates.io-index"
checksum = "db97caf9d906fbde555dd62fa95ddba9eecfd14cb388e4f491a66d74cd5fb79a"

[[package]]
name = "unicode-ident"
version = "1.0.24"
source = "registry+https://github.com/rust-lang/crates.io-index"
checksum = "e6e4313cd5fcd3dad5cafa179702e2b244f760991f45397d14d4ebf38247da75"
